
Microsoft Visual Studio Solution File, Format Version 12.00
# Visual Studio Version 17
VisualStudioVersion = 17.0.32112.339
MinimumVisualStudioVersion = 10.0.40219.1
Project("{FAE04EC0-301F-11D3-BF4B-00C04F79EFBC}") = "Geometry", "Geometry.csproj", "{21A699C2-04A2-4647-B134-3D463443250C}"
EndProject
Global
	GlobalSection(SolutionConfigurationPlatforms) = preSolution
		Debug|Any CPU = Debug|Any CPU
		Release|Any CPU = Release|Any CPU
	EndGlobalSection
	GlobalSection(ProjectConfigurationPlatforms) = postSolution
		{21A699C2-04A2-4647-B134-3D463443250C}.Debug|Any CPU.ActiveCfg = Debug|Any CPU
		{21A699C2-04A2-4647-B134-3D463443250C}.Debug|Any CPU.Build.0 = Debug|Any CPU
		{21A699C2-04A2-4647-B134-3D463443250C}.Release|Any CPU.ActiveCfg = Release|Any CPU
		{21A699C2-04A2-4647-B134-3D463443250C}.Release|Any CPU.Build.0 = Release|Any CPU
	EndGlobalSection
	GlobalSection(SolutionProperties) = preSolution
		HideSolutionNode = FALSE
	EndGlobalSection
	GlobalSection(ExtensibilityGlobals) = postSolution
		SolutionGuid = {191FDD1C-EBD9-4289-B60A-C0D140E427DD}
	EndGlobalSection
EndGlobal
